
Microsoft Visual Studio Solution File, Format Version 12.00
# Visual Studio Version 17
VisualStudioVersion = 17.7.34031.279
MinimumVisualStudioVersion = 10.0.40219.1
Project("{FAE04EC0-301F-11D3-BF4B-00C04F79EFBC}") = "MS_AssignmentNo1", "MS_AssignmentNo1.csproj", "{53ECF7F9-101D-463B-A5FB-743DCE9D736D}"
EndProject
Global
	GlobalSection(SolutionConfigurationPlatforms) = preSolution
		Debug|Any CPU = Debug|Any CPU
		Release|Any CPU = Release|Any CPU
	EndGlobalSection
	GlobalSection(ProjectConfigurationPlatforms) = postSolution
		{53ECF7F9-101D-463B-A5FB-743DCE9D736D}.Debug|Any CPU.ActiveCfg = Debug|Any CPU
		{53ECF7F9-101D-463B-A5FB-743DCE9D736D}.Debug|Any CPU.Build.0 = Debug|Any CPU
		{53ECF7F9-101D-463B-A5FB-743DCE9D736D}.Release|Any CPU.ActiveCfg = Release|Any CPU
		{53ECF7F9-101D-463B-A5FB-743DCE9D736D}.Release|Any CPU.Build.0 = Release|Any CPU
	EndGlobalSection
	GlobalSection(SolutionProperties) = preSolution
		HideSolutionNode = FALSE
	EndGlobalSection
	GlobalSection(ExtensibilityGlobals) = postSolution
		SolutionGuid = {2742E7E2-EA54-43F3-9D9C-E565E6BA732C}
	EndGlobalSection
EndGlobal
